
Microsoft Visual Studio Solution File, Format Version 12.00
# Visual Studio 2012
Project("{FAE04EC0-301F-11D3-BF4B-00C04F79EFBC}") = "ExcelEmail", "ExcelEmail\ExcelEmail.csproj", "{AA2C1BAD-3CB7-47AE-BC0D-F71A28FADE56}"
EndProject
Global
	GlobalSection(SolutionConfigurationPlatforms) = preSolution
		Debug|Any CPU = Debug|Any CPU
		Release|Any CPU = Release|Any CPU
	EndGlobalSection
	GlobalSection(ProjectConfigurationPlatforms) = postSolution
		{AA2C1BAD-3CB7-47AE-BC0D-F71A28FADE56}.Debug|Any CPU.ActiveCfg = Debug|Any CPU
		{AA2C1BAD-3CB7-47AE-BC0D-F71A28FADE56}.Debug|Any CPU.Build.0 = Debug|Any CPU
		{AA2C1BAD-3CB7-47AE-BC0D-F71A28FADE56}.Release|Any CPU.ActiveCfg = Release|Any CPU
		{AA2C1BAD-3CB7-47AE-BC0D-F71A28FADE56}.Release|Any CPU.Build.0 = Release|Any CPU
	EndGlobalSection
	GlobalSection(SolutionProperties) = preSolution
		HideSolutionNode = FALSE
	EndGlobalSection
EndGlobal
